{
  "name": "@jobber/hooks",
  "version": "1.0.0",
  "lockfileVersion": 1,
  "requires": true,
  "dependencies": {
    "@use-it/event-listener": {
      "version": "0.1.6",
      "resolved": "https://registry.npmjs.org/@use-it/event-listener/-/event-listener-0.1.6.tgz",
      "integrity": "sha512-e6V7vbU8xpuqy4GZkTLExHffOFgxmGHo3kNWnlhzM/zcX2v+idbD/HaJ9sKdQMgTh+L7MIhdRDXGX3SdAViZzA=="
    },
    "lodash": {
      "version": "4.17.15",
      "resolved": "https://registry.npmjs.org/lodash/-/lodash-4.17.15.tgz",
      "integrity": "sha512-8xOcRHvCjnocdS5cpwXQXVzmmh5e5+saE2QGoeQmbKmRS6J3VQppPOIt0MnmE+4xlZoumy0GPG0D0MVIQbNA1A=="
    },
    "resize-observer-polyfill": {
      "version": "1.5.1",
      "resolved": "https://registry.npmjs.org/resize-observer-polyfill/-/resize-observer-polyfill-1.5.1.tgz",
      "integrity": "sha512-LwZrotdHOo12nQuZlHEmtuXdqGoOD0OhaxopaNFxWzInpEgaLWoVuAMbTzixuosCx2nEG58ngzW3vxdWoxIgdg=="
    },
    "ts-xor": {
      "version": "1.0.8",
      "resolved": "https://registry.npmjs.org/ts-xor/-/ts-xor-1.0.8.tgz",
      "integrity": "sha512-0u70/SDLSCaX23UddnwAb2GvZZ2N0Rbjnmemn5pHoR40D32Xcva5KRGWV9SdJOKHCjJUlmctmCTvT0z+2yT8aw=="
    },
    "typescript": {
      "version": "3.8.3",
      "resolved": "https://registry.npmjs.org/typescript/-/typescript-3.8.3.tgz",
      "integrity": "sha512-MYlEfn5VrLNsgudQTVJeNaQFUAI7DkhnOjdpAp4T+ku1TfQClewlbSuTVHiA+8skNBgaf02TL/kLOvig4y3G8w==",
      "dev": true
    },
    "use-resize-observer": {
      "version": "6.1.0",
      "resolved": "https://registry.npmjs.org/use-resize-observer/-/use-resize-observer-6.1.0.tgz",
      "integrity": "sha512-SiPcWHiIQ1CnHmb6PxbYtygqiZXR0U9dNkkbpX9VYnlstUwF8+QqpUTrzh13pjPwcjMVGR+QIC+nvF5ujfFNng==",
      "requires": {
        "resize-observer-polyfill": "^1.5.1"
      }
    }
  }
}
